# This file is automatically @generated by Cargo.
# It is not intended for manual editing.
[[package]]
name = "autocfg"
version = "1.0.1"
source = "registry+https://github.com/rust-lang/crates.io-index"
checksum = "cdb031dd78e28731d87d56cc8ffef4a8f36ca26c38fe2de700543e627f8a464a"

[[package]]
name = "microfft"
version = "0.3.1"
source = "registry+https://github.com/rust-lang/crates.io-index"
checksum = "67783586410236dbd6d9caec031ac187cf173174a4afb662282b00abaaf2101f"
dependencies = [
 "num-complex 0.2.4",
 "static_assertions",
]

[[package]]
name = "num-complex"
version = "0.2.4"
source = "registry+https://github.com/rust-lang/crates.io-index"
checksum = "b6b19411a9719e753aff12e5187b74d60d3dc449ec3f4dc21e3989c3f554bc95"
dependencies = [
 "autocfg",
 "num-traits",
]

[[package]]
name = "num-complex"
version = "0.3.1"
source = "registry+https://github.com/rust-lang/crates.io-index"
checksum = "747d632c0c558b87dbabbe6a82f3b4ae03720d0646ac5b7b4dae89394be5f2c5"
dependencies = [
 "num-traits",
]

[[package]]
name = "num-integer"
version = "0.1.44"
source = "registry+https://github.com/rust-lang/crates.io-index"
checksum = "d2cc698a63b549a70bc047073d2949cce27cd1c7b0a4a862d08a8031bc2801db"
dependencies = [
 "autocfg",
 "num-traits",
]

[[package]]
name = "num-traits"
version = "0.2.14"
source = "registry+https://github.com/rust-lang/crates.io-index"
checksum = "9a64b1ec5cda2586e284722486d802acf1f7dbdc623e2bfc57e65ca1cd099290"
dependencies = [
 "autocfg",
]

[[package]]
name = "realfft"
version = "0.3.0"
source = "registry+https://github.com/rust-lang/crates.io-index"
checksum = "29a38036df3019137318614d1bbaa0c04459f51b8640c6c475f5435509f128cf"
dependencies = [
 "rustfft",
]

[[package]]
name = "rustfft"
version = "4.0.0"
source = "registry+https://github.com/rust-lang/crates.io-index"
checksum = "b422f7370bf3092b1a5f10b68f7b4719c964879836a4bd026a410f11dde2ad0d"
dependencies = [
 "num-complex 0.3.1",
 "num-integer",
 "num-traits",
 "strength_reduce",
 "transpose",
]

[[package]]
name = "static_assertions"
version = "1.1.0"
source = "registry+https://github.com/rust-lang/crates.io-index"
checksum = "a2eb9349b6444b326872e140eb1cf5e7c522154d69e7a0ffb0fb81c06b37543f"

[[package]]
name = "strength_reduce"
version = "0.2.3"
source = "registry+https://github.com/rust-lang/crates.io-index"
checksum = "a3ff2f71c82567c565ba4b3009a9350a96a7269eaa4001ebedae926230bc2254"

[[package]]
name = "transpose"
version = "0.2.0"
source = "registry+https://github.com/rust-lang/crates.io-index"
checksum = "c3311ef71dea6a1fd6bf5bfc10ec5b4bef6174048f6b481dbc6ce915ff48c0a0"
dependencies = [
 "num-integer",
 "strength_reduce",
]

[[package]]
name = "wtf"
version = "0.1.0"
dependencies = [
 "microfft",
 "num-complex 0.2.4",
 "num-traits",
 "realfft",
 "rustfft",
]
